
Microsoft Visual Studio Solution File, Format Version 12.00
# Visual Studio 15
VisualStudioVersion = 15.0.28307.572
MinimumVisualStudioVersion = 10.0.40219.1
Project("{FAE04EC0-301F-11D3-BF4B-00C04F79EFBC}") = "MVCorceWeb", "MVCorceWeb\MVCorceWeb.csproj", "{76441521-EB10-46BD-9BDE-E64B1F6F9039}"
EndProject
Global
	GlobalSection(SolutionConfigurationPlatforms) = preSolution
		Debug|Any CPU = Debug|Any CPU
		Release|Any CPU = Release|Any CPU
	EndGlobalSection
	GlobalSection(ProjectConfigurationPlatforms) = postSolution
		{76441521-EB10-46BD-9BDE-E64B1F6F9039}.Debug|Any CPU.ActiveCfg = Debug|Any CPU
		{76441521-EB10-46BD-9BDE-E64B1F6F9039}.Debug|Any CPU.Build.0 = Debug|Any CPU
		{76441521-EB10-46BD-9BDE-E64B1F6F9039}.Release|Any CPU.ActiveCfg = Release|Any CPU
		{76441521-EB10-46BD-9BDE-E64B1F6F9039}.Release|Any CPU.Build.0 = Release|Any CPU
	EndGlobalSection
	GlobalSection(SolutionProperties) = preSolution
		HideSolutionNode = FALSE
	EndGlobalSection
	GlobalSection(ExtensibilityGlobals) = postSolution
		SolutionGuid = {BD2875BD-6D3F-4C47-8FE1-D2F680B4E59F}
	EndGlobalSection
EndGlobal
